
Microsoft Visual Studio Solution File, Format Version 12.00
# Visual Studio Version 17
VisualStudioVersion = 17.11.35327.3
MinimumVisualStudioVersion = 10.0.40219.1
Project("{9A19103F-16F7-4668-BE54-9A1E7A4F7556}") = "API", "API\API.csproj", "{F8AF02F2-980C-4AEC-9BB1-7F6A095C5AB1}"
EndProject
Project("{FAE04EC0-301F-11D3-BF4B-00C04F79EFBC}") = "API.Test", "API.Test\API.Test.csproj", "{2B53EB58-61BF-4974-9336-140BC4A0202E}"
EndProject
Project("{2150E333-8FDC-42A3-9474-1A3956D46DE8}") = "Solution Items", "Solution Items", "{07E4022B-A8A1-4FD9-8D11-B7F6D54FE6E4}"
	ProjectSection(SolutionItems) = preProject
		docker-compose.yml = docker-compose.yml
		nginx.conf = nginx.conf
	EndProjectSection
EndProject
Global
	GlobalSection(SolutionConfigurationPlatforms) = preSolution
		Debug|Any CPU = Debug|Any CPU
		Release|Any CPU = Release|Any CPU
	EndGlobalSection
	GlobalSection(ProjectConfigurationPlatforms) = postSolution
		{F8AF02F2-980C-4AEC-9BB1-7F6A095C5AB1}.Debug|Any CPU.ActiveCfg = Debug|Any CPU
		{F8AF02F2-980C-4AEC-9BB1-7F6A095C5AB1}.Debug|Any CPU.Build.0 = Debug|Any CPU
		{F8AF02F2-980C-4AEC-9BB1-7F6A095C5AB1}.Release|Any CPU.ActiveCfg = Release|Any CPU
		{F8AF02F2-980C-4AEC-9BB1-7F6A095C5AB1}.Release|Any CPU.Build.0 = Release|Any CPU
		{2B53EB58-61BF-4974-9336-140BC4A0202E}.Debug|Any CPU.ActiveCfg = Debug|Any CPU
		{2B53EB58-61BF-4974-9336-140BC4A0202E}.Debug|Any CPU.Build.0 = Debug|Any CPU
		{2B53EB58-61BF-4974-9336-140BC4A0202E}.Release|Any CPU.ActiveCfg = Release|Any CPU
		{2B53EB58-61BF-4974-9336-140BC4A0202E}.Release|Any CPU.Build.0 = Release|Any CPU
	EndGlobalSection
	GlobalSection(SolutionProperties) = preSolution
		HideSolutionNode = FALSE
	EndGlobalSection
	GlobalSection(ExtensibilityGlobals) = postSolution
		SolutionGuid = {DEB33C21-C2BF-42A7-8000-311BEF5EB4E1}
	EndGlobalSection
EndGlobal
